// !$*UTF8*$!
{
	archiveVersion = 1;
	classes = {
	};
	objectVersion = 46;
	objects = {

/* Begin PBXBuildFile section */
		BF4510F6144FE2C80010C8A5 /* Foundation.framework in Frameworks */ = {isa = PBXBuildFile; fileRef = BF4510F5144FE2C80010C8A5 /* Foundation.framework */; };
		BF4510F8144FE2C80010C8A5 /* UIKit.framework in Frameworks */ = {isa = PBXBuildFile; fileRef = BF4510F7144FE2C80010C8A5 /* UIKit.framework */; };
		BF4510FA144FE2C80010C8A5 /* CoreGraphics.framework in Frameworks */ = {isa = PBXBuildFile; fileRef = BF4510F9144FE2C80010C8A5 /* CoreGraphics.framework */; };
		BF4510FC144FE2C80010C8A5 /* AddressBook.framework in Frameworks */ = {isa = PBXBuildFile; fileRef = BF4510FB144FE2C80010C8A5 /* AddressBook.framework */; };
		BF4510FE144FE2C80010C8A5 /* AddressBookUI.framework in Frameworks */ = {isa = PBXBuildFile; fileRef = BF4510FD144FE2C80010C8A5 /* AddressBookUI.framework */; };
		BF451100144FE2C80010C8A5 /* AudioToolbox.framework in Frameworks */ = {isa = PBXBuildFile; fileRef = BF4510FF144FE2C80010C8A5 /* AudioToolbox.framework */; };
		BF451102144FE2C80010C8A5 /* AVFoundation.framework in Frameworks */ = {isa = PBXBuildFile; fileRef = BF451101144FE2C80010C8A5 /* AVFoundation.framework */; };
		BF451104144FE2C80010C8A5 /* CoreLocation.framework in Frameworks */ = {isa = PBXBuildFile; fileRef = BF451103144FE2C80010C8A5 /* CoreLocation.framework */; };
		BF451106144FE2C80010C8A5 /* MediaPlayer.framework in Frameworks */ = {isa = PBXBuildFile; fileRef = BF451105144FE2C80010C8A5 /* MediaPlayer.framework */; };
		BF451108144FE2C80010C8A5 /* QuartzCore.framework in Frameworks */ = {isa = PBXBuildFile; fileRef = BF451107144FE2C80010C8A5 /* QuartzCore.framework */; };
		BF45110A144FE2C80010C8A5 /* SystemConfiguration.framework in Frameworks */ = {isa = PBXBuildFile; fileRef = BF451109144FE2C80010C8A5 /* SystemConfiguration.framework */; };
		BF45110C144FE2C80010C8A5 /* MobileCoreServices.framework in Frameworks */ = {isa = PBXBuildFile; fileRef = BF45110B144FE2C80010C8A5 /* MobileCoreServices.framework */; };
		BF45110E144FE2C80010C8A5 /* CoreMedia.framework in Frameworks */ = {isa = PBXBuildFile; fileRef = BF45110D144FE2C80010C8A5 /* CoreMedia.framework */; };
		BF451114144FE2C80010C8A5 /* InfoPlist.strings in Resources */ = {isa = PBXBuildFile; fileRef = BF451112144FE2C80010C8A5 /* InfoPlist.strings */; };
		BF451116144FE2C80010C8A5 /* main.m in Sources */ = {isa = PBXBuildFile; fileRef = BF451115144FE2C80010C8A5 /* main.m */; };
		BF451119144FE2C80010C8A5 /* PhoneGap.framework in Frameworks */ = {isa = PBXBuildFile; fileRef = BF451118144FE2C80010C8A5 /* PhoneGap.framework */; };
		BF45111E144FE2C80010C8A5 /* Localizable.strings in Resources */ = {isa = PBXBuildFile; fileRef = BF45111C144FE2C80010C8A5 /* Localizable.strings */; };
		BF451122144FE2C80010C8A5 /* Localizable.strings in Resources */ = {isa = PBXBuildFile; fileRef = BF451120144FE2C80010C8A5 /* Localizable.strings */; };
		BF451125144FE2C80010C8A5 /* icon.png in Resources */ = {isa = PBXBuildFile; fileRef = BF451124144FE2C80010C8A5 /* icon.png */; };
		BF451127144FE2C80010C8A5 /* icon@2x.png in Resources */ = {isa = PBXBuildFile; fileRef = BF451126144FE2C80010C8A5 /* icon@2x.png */; };
		BF451129144FE2C80010C8A5 /* icon-72.png in Resources */ = {isa = PBXBuildFile; fileRef = BF451128144FE2C80010C8A5 /* icon-72.png */; };
		BF45112C144FE2C80010C8A5 /* Default.png in Resources */ = {isa = PBXBuildFile; fileRef = BF45112B144FE2C80010C8A5 /* Default.png */; };
		BF45112E144FE2C80010C8A5 /* Default@2x.png in Resources */ = {isa = PBXBuildFile; fileRef = BF45112D144FE2C80010C8A5 /* Default@2x.png */; };
		BF451130144FE2C80010C8A5 /* Capture.bundle in Resources */ = {isa = PBXBuildFile; fileRef = BF45112F144FE2C80010C8A5 /* Capture.bundle */; };
		BF451132144FE2C80010C8A5 /* PhoneGap.plist in Resources */ = {isa = PBXBuildFile; fileRef = BF451131144FE2C80010C8A5 /* PhoneGap.plist */; };
		BF451136144FE2C80010C8A5 /* AppDelegate.m in Sources */ = {isa = PBXBuildFile; fileRef = BF451135144FE2C80010C8A5 /* AppDelegate.m */; };
		BF45113F144FE3F30010C8A5 /* www in Resources */ = {isa = PBXBuildFile; fileRef = BF45113E144FE3F30010C8A5 /* www */; };
/* End PBXBuildFile section */

/* Begin PBXFileReference section */
		BF4510F1144FE2C80010C8A5 /* PhonegapTest.app */ = {isa = PBXFileReference; explicitFileType = wrapper.application; includeInIndex = 0; path = PhonegapTest.app; sourceTree = BUILT_PRODUCTS_DIR; };
		BF4510F5144FE2C80010C8A5 /* Foundation.framework */ = {isa = PBXFileReference; lastKnownFileType = wrapper.framework; name = Foundation.framework; path = System/Library/Frameworks/Foundation.framework; sourceTree = SDKROOT; };
		BF4510F7144FE2C80010C8A5 /* UIKit.framework */ = {isa = PBXFileReference; lastKnownFileType = wrapper.framework; name = UIKit.framework; path = System/Library/Frameworks/UIKit.framework; sourceTree = SDKROOT; };
		BF4510F9144FE2C80010C8A5 /* CoreGraphics.framework */ = {isa = PBXFileReference; lastKnownFileType = wrapper.framework; name = CoreGraphics.framework; path = System/Library/Frameworks/CoreGraphics.framework; sourceTree = SDKROOT; };
		BF4510FB144FE2C80010C8A5 /* AddressBook.framework */ = {isa = PBXFileReference; lastKnownFileType = wrapper.framework; name = AddressBook.framework; path = System/Library/Frameworks/AddressBook.framework; sourceTree = SDKROOT; };
		BF4510FD144FE2C80010C8A5 /* AddressBookUI.framework */ = {isa = PBXFileReference; lastKnownFileType = wrapper.framework; name = AddressBookUI.framework; path = System/Library/Frameworks/AddressBookUI.framework; sourceTree = SDKROOT; };
		BF4510FF144FE2C80010C8A5 /* AudioToolbox.framework */ = {isa = PBXFileReference; lastKnownFileType = wrapper.framework; name = AudioToolbox.framework; path = System/Library/Frameworks/AudioToolbox.framework; sourceTree = SDKROOT; };
		BF451101144FE2C80010C8A5 /* AVFoundation.framework */ = {isa = PBXFileReference; lastKnownFileType = wrapper.framework; name = AVFoundation.framework; path = System/Library/Frameworks/AVFoundation.framework; sourceTree = SDKROOT; };
		BF451103144FE2C80010C8A5 /* CoreLocation.framework */ = {isa = PBXFileReference; lastKnownFileType = wrapper.framework; name = CoreLocation.framework; path = System/Library/Frameworks/CoreLocation.framework; sourceTree = SDKROOT; };
		BF451105144FE2C80010C8A5 /* MediaPlayer.framework */ = {isa = PBXFileReference; lastKnownFileType = wrapper.framework; name = MediaPlayer.framework; path = System/Library/Frameworks/MediaPlayer.framework; sourceTree = SDKROOT; };
		BF451107144FE2C80010C8A5 /* QuartzCore.framework */ = {isa = PBXFileReference; lastKnownFileType = wrapper.framework; name = QuartzCore.framework; path = System/Library/Frameworks/QuartzCore.framework; sourceTree = SDKROOT; };
		BF451109144FE2C80010C8A5 /* SystemConfiguration.framework */ = {isa = PBXFileReference; lastKnownFileType = wrapper.framework; name = SystemConfiguration.framework; path = System/Library/Frameworks/SystemConfiguration.framework; sourceTree = SDKROOT; };
		BF45110B144FE2C80010C8A5 /* MobileCoreServices.framework */ = {isa = PBXFileReference; lastKnownFileType = wrapper.framework; name = MobileCoreServices.framework; path = System/Library/Frameworks/MobileCoreServices.framework; sourceTree = SDKROOT; };
		BF45110D144FE2C80010C8A5 /* CoreMedia.framework */ = {isa = PBXFileReference; lastKnownFileType = wrapper.framework; name = CoreMedia.framework; path = System/Library/Frameworks/CoreMedia.framework; sourceTree = SDKROOT; };
		BF451111144FE2C80010C8A5 /* PhonegapTest-Info.plist */ = {isa = PBXFileReference; lastKnownFileType = text.plist.xml; path = "PhonegapTest-Info.plist"; sourceTree = "<group>"; };
		BF451113144FE2C80010C8A5 /* en */ = {isa = PBXFileReference; lastKnownFileType = text.plist.strings; name = en; path = en.lproj/InfoPlist.strings; sourceTree = "<group>"; };
		BF451115144FE2C80010C8A5 /* main.m */ = {isa = PBXFileReference; lastKnownFileType = sourcecode.c.objc; path = main.m; sourceTree = "<group>"; };
		BF451117144FE2C80010C8A5 /* PhonegapTest-Prefix.pch */ = {isa = PBXFileReference; lastKnownFileType = sourcecode.c.h; path = "PhonegapTest-Prefix.pch"; sourceTree = "<group>"; };
		BF451118144FE2C80010C8A5 /* PhoneGap.framework */ = {isa = PBXFileReference; lastKnownFileType = wrapper.framework; name = PhoneGap.framework; path = /Users/Shared/PhoneGap/Frameworks/PhoneGap.framework; sourceTree = "<absolute>"; };
		BF45111D144FE2C80010C8A5 /* en */ = {isa = PBXFileReference; lastKnownFileType = text.plist.strings; name = en; path = Resources/en.lproj/Localizable.strings; sourceTree = "<group>"; };
		BF451121144FE2C80010C8A5 /* es */ = {isa = PBXFileReference; lastKnownFileType = text.plist.strings; name = es; path = Resources/es.lproj/Localizable.strings; sourceTree = "<group>"; };
		BF451124144FE2C80010C8A5 /* icon.png */ = {isa = PBXFileReference; lastKnownFileType = image.png; name = icon.png; path = Resources/icons/icon.png; sourceTree = "<group>"; };
		BF451126144FE2C80010C8A5 /* icon@2x.png */ = {isa = PBXFileReference; lastKnownFileType = image.png; name = "icon@2x.png"; path = "Resources/icons/icon@2x.png"; sourceTree = "<group>"; };
		BF451128144FE2C80010C8A5 /* icon-72.png */ = {isa = PBXFileReference; lastKnownFileType = image.png; name = "icon-72.png"; path = "Resources/icons/icon-72.png"; sourceTree = "<group>"; };
		BF45112B144FE2C80010C8A5 /* Default.png */ = {isa = PBXFileReference; lastKnownFileType = image.png; name = Default.png; path = Resources/splash/Default.png; sourceTree = "<group>"; };
		BF45112D144FE2C80010C8A5 /* Default@2x.png */ = {isa = PBXFileReference; lastKnownFileType = image.png; name = "Default@2x.png"; path = "Resources/splash/Default@2x.png"; sourceTree = "<group>"; };
		BF45112F144FE2C80010C8A5 /* Capture.bundle */ = {isa = PBXFileReference; lastKnownFileType = "wrapper.plug-in"; name = Capture.bundle; path = Resources/Capture.bundle; sourceTree = "<group>"; };
		BF451131144FE2C80010C8A5 /* PhoneGap.plist */ = {isa = PBXFileReference; lastKnownFileType = text.plist.xml; path = PhoneGap.plist; sourceTree = "<group>"; };
		BF451134144FE2C80010C8A5 /* AppDelegate.h */ = {isa = PBXFileReference; lastKnownFileType = sourcecode.c.h; name = AppDelegate.h; path = Classes/AppDelegate.h; sourceTree = "<group>"; };
		BF451135144FE2C80010C8A5 /* AppDelegate.m */ = {isa = PBXFileReference; lastKnownFileType = sourcecode.c.objc; name = AppDelegate.m; path = Classes/AppDelegate.m; sourceTree = "<group>"; };
		BF451138144FE2C80010C8A5 /* README */ = {isa = PBXFileReference; lastKnownFileType = text; name = README; path = Plugins/README; sourceTree = "<group>"; };
		BF45113E144FE3F30010C8A5 /* www */ = {isa = PBXFileReference; lastKnownFileType = folder; path = www; sourceTree = "<group>"; };
/* End PBXFileReference section */

/* Begin PBXFrameworksBuildPhase section */
		BF4510EB144FE2C80010C8A5 /* Frameworks */ = {
			isa = PBXFrameworksBuildPhase;
			buildActionMask = 2147483647;
			files = (
				BF4510F6144FE2C80010C8A5 /* Foundation.framework in Frameworks */,
				BF4510F8144FE2C80010C8A5 /* UIKit.framework in Frameworks */,
				BF4510FA144FE2C80010C8A5 /* CoreGraphics.framework in Frameworks */,
				BF4510FC144FE2C80010C8A5 /* AddressBook.framework in Frameworks */,
				BF4510FE144FE2C80010C8A5 /* AddressBookUI.framework in Frameworks */,
				BF451100144FE2C80010C8A5 /* AudioToolbox.framework in Frameworks */,
				BF451102144FE2C80010C8A5 /* AVFoundation.framework in Frameworks */,
				BF451104144FE2C80010C8A5 /* CoreLocation.framework in Frameworks */,
				BF451106144FE2C80010C8A5 /* MediaPlayer.framework in Frameworks */,
				BF451108144FE2C80010C8A5 /* QuartzCore.framework in Frameworks */,
				BF45110A144FE2C80010C8A5 /* SystemConfiguration.framework in Frameworks */,
				BF45110C144FE2C80010C8A5 /* MobileCoreServices.framework in Frameworks */,
				BF45110E144FE2C80010C8A5 /* CoreMedia.framework in Frameworks */,
				BF451119144FE2C80010C8A5 /* PhoneGap.framework in Frameworks */,
			);
			runOnlyForDeploymentPostprocessing = 0;
		};
		BF4510EE144FE2C80010C8A5 /* Frameworks */ = {
			isa = PBXFrameworksBuildPhase;
			buildActionMask = 2147483647;
			files = (
			);
			runOnlyForDeploymentPostprocessing = 0;
		};
/* End PBXFrameworksBuildPhase section */

/* Begin PBXGroup section */
		BF4510E3144FE2C80010C8A5 = {
			isa = PBXGroup;
			children = (
				BF45113E144FE3F30010C8A5 /* www */,
				BF45110F144FE2C80010C8A5 /* PhonegapTest */,
				BF4510F4144FE2C80010C8A5 /* Frameworks */,
				BF4510F2144FE2C80010C8A5 /* Products */,
			);
			sourceTree = "<group>";
		};
		BF4510F2144FE2C80010C8A5 /* Products */ = {
			isa = PBXGroup;
			children = (
				BF4510F1144FE2C80010C8A5 /* PhonegapTest.app */,
			);
			name = Products;
			sourceTree = "<group>";
		};
		BF4510F4144FE2C80010C8A5 /* Frameworks */ = {
			isa = PBXGroup;
			children = (
				BF4510F5144FE2C80010C8A5 /* Foundation.framework */,
				BF4510F7144FE2C80010C8A5 /* UIKit.framework */,
				BF4510F9144FE2C80010C8A5 /* CoreGraphics.framework */,
				BF4510FB144FE2C80010C8A5 /* AddressBook.framework */,
				BF4510FD144FE2C80010C8A5 /* AddressBookUI.framework */,
				BF4510FF144FE2C80010C8A5 /* AudioToolbox.framework */,
				BF451101144FE2C80010C8A5 /* AVFoundation.framework */,
				BF451103144FE2C80010C8A5 /* CoreLocation.framework */,
				BF451105144FE2C80010C8A5 /* MediaPlayer.framework */,
				BF451107144FE2C80010C8A5 /* QuartzCore.framework */,
				BF451109144FE2C80010C8A5 /* SystemConfiguration.framework */,
				BF45110B144FE2C80010C8A5 /* MobileCoreServices.framework */,
				BF45110D144FE2C80010C8A5 /* CoreMedia.framework */,
			);
			name = Frameworks;
			sourceTree = "<group>";
		};
		BF45110F144FE2C80010C8A5 /* PhonegapTest */ = {
			isa = PBXGroup;
			children = (
				BF451118144FE2C80010C8A5 /* PhoneGap.framework */,
				BF45111A144FE2C80010C8A5 /* Resources */,
				BF451133144FE2C80010C8A5 /* Classes */,
				BF451137144FE2C80010C8A5 /* Plugins */,
				BF451110144FE2C80010C8A5 /* Supporting Files */,
			);
			path = PhonegapTest;
			sourceTree = "<group>";
		};
		BF451110144FE2C80010C8A5 /* Supporting Files */ = {
			isa = PBXGroup;
			children = (
				BF451111144FE2C80010C8A5 /* PhonegapTest-Info.plist */,
				BF451112144FE2C80010C8A5 /* InfoPlist.strings */,
				BF451115144FE2C80010C8A5 /* main.m */,
				BF451117144FE2C80010C8A5 /* PhonegapTest-Prefix.pch */,
				BF451131144FE2C80010C8A5 /* PhoneGap.plist */,
			);
			name = "Supporting Files";
			sourceTree = "<group>";
		};
		BF45111A144FE2C80010C8A5 /* Resources */ = {
			isa = PBXGroup;
			children = (
				BF45112F144FE2C80010C8A5 /* Capture.bundle */,
				BF45111B144FE2C80010C8A5 /* en.lproj */,
				BF45111F144FE2C80010C8A5 /* es.lproj */,
				BF451123144FE2C80010C8A5 /* icons */,
				BF45112A144FE2C80010C8A5 /* splash */,
			);
			name = Resources;
			sourceTree = "<group>";
		};
		BF45111B144FE2C80010C8A5 /* en.lproj */ = {
			isa = PBXGroup;
			children = (
				BF45111C144FE2C80010C8A5 /* Localizable.strings */,
			);
			name = en.lproj;
			sourceTree = "<group>";
		};
		BF45111F144FE2C80010C8A5 /* es.lproj */ = {
			isa = PBXGroup;
			children = (
				BF451120144FE2C80010C8A5 /* Localizable.strings */,
			);
			name = es.lproj;
			sourceTree = "<group>";
		};
		BF451123144FE2C80010C8A5 /* icons */ = {
			isa = PBXGroup;
			children = (
				BF451124144FE2C80010C8A5 /* icon.png */,
				BF451126144FE2C80010C8A5 /* icon@2x.png */,
				BF451128144FE2C80010C8A5 /* icon-72.png */,
			);
			name = icons;
			sourceTree = "<group>";
		};
		BF45112A144FE2C80010C8A5 /* splash */ = {
			isa = PBXGroup;
			children = (
				BF45112B144FE2C80010C8A5 /* Default.png */,
				BF45112D144FE2C80010C8A5 /* Default@2x.png */,
			);
			name = splash;
			sourceTree = "<group>";
		};
		BF451133144FE2C80010C8A5 /* Classes */ = {
			isa = PBXGroup;
			children = (
				BF451134144FE2C80010C8A5 /* AppDelegate.h */,
				BF451135144FE2C80010C8A5 /* AppDelegate.m */,
			);
			name = Classes;
			sourceTree = "<group>";
		};
		BF451137144FE2C80010C8A5 /* Plugins */ = {
			isa = PBXGroup;
			children = (
				BF451138144FE2C80010C8A5 /* README */,
			);
			name = Plugins;
			sourceTree = "<group>";
		};
/* End PBXGroup section */

/* Begin PBXNativeTarget section */
		BF4510F0144FE2C80010C8A5 /* PhonegapTest */ = {
			isa = PBXNativeTarget;
			buildConfigurationList = BF45113B144FE2C80010C8A5 /* Build configuration list for PBXNativeTarget "PhonegapTest" */;
			buildPhases = (
				BF4510EA144FE2C80010C8A5 /* Sources */,
				BF4510EB144FE2C80010C8A5 /* Frameworks */,
				BF4510EC144FE2C80010C8A5 /* Resources */,
				BF4510ED144FE2C80010C8A5 /* Sources */,
				BF4510EE144FE2C80010C8A5 /* Frameworks */,
				BF4510EF144FE2C80010C8A5 /* ShellScript */,
			);
			buildRules = (
			);
			dependencies = (
			);
			name = PhonegapTest;
			productName = PhonegapTest;
			productReference = BF4510F1144FE2C80010C8A5 /* PhonegapTest.app */;
			productType = "com.apple.product-type.application";
		};
/* End PBXNativeTarget section */

/* Begin PBXProject section */
		BF4510E5144FE2C80010C8A5 /* Project object */ = {
			isa = PBXProject;
			attributes = {
				LastUpgradeCheck = 0420;
			};
			buildConfigurationList = BF4510E8144FE2C80010C8A5 /* Build configuration list for PBXProject "PhonegapTest" */;
			compatibilityVersion = "Xcode 3.2";
			developmentRegion = English;
			hasScannedForEncodings = 0;
			knownRegions = (
				en,
				es,
			);
			mainGroup = BF4510E3144FE2C80010C8A5;
			productRefGroup = BF4510F2144FE2C80010C8A5 /* Products */;
			projectDirPath = "";
			projectRoot = "";
			targets = (
				BF4510F0144FE2C80010C8A5 /* PhonegapTest */,
			);
		};
/* End PBXProject section */

/* Begin PBXResourcesBuildPhase section */
		BF4510EC144FE2C80010C8A5 /* Resources */ = {
			isa = PBXResourcesBuildPhase;
			buildActionMask = 2147483647;
			files = (
				BF451114144FE2C80010C8A5 /* InfoPlist.strings in Resources */,
				BF45111E144FE2C80010C8A5 /* Localizable.strings in Resources */,
				BF451122144FE2C80010C8A5 /* Localizable.strings in Resources */,
				BF451125144FE2C80010C8A5 /* icon.png in Resources */,
				BF451127144FE2C80010C8A5 /* icon@2x.png in Resources */,
				BF451129144FE2C80010C8A5 /* icon-72.png in Resources */,
				BF45112C144FE2C80010C8A5 /* Default.png in Resources */,
				BF45112E144FE2C80010C8A5 /* Default@2x.png in Resources */,
				BF451130144FE2C80010C8A5 /* Capture.bundle in Resources */,
				BF451132144FE2C80010C8A5 /* PhoneGap.plist in Resources */,
				BF45113F144FE3F30010C8A5 /* www in Resources */,
			);
			runOnlyForDeploymentPostprocessing = 0;
		};
/* End PBXResourcesBuildPhase section */

/* Begin PBXShellScriptBuildPhase section */
		BF4510EF144FE2C80010C8A5 /* ShellScript */ = {
			isa = PBXShellScriptBuildPhase;
			buildActionMask = 2147483647;
			files = (
			);
			inputPaths = (
			);
			outputPaths = (
			);
			runOnlyForDeploymentPostprocessing = 0;
			shellPath = /bin/bash;
			shellScript = "\n\t\t\t\t\t\t\t\tif [ ! -d \"$PROJECT_DIR/www\" ] ; then\n\t\t\t\t\t\t\t\t\tcp -R /Users/Shared/PhoneGap/Frameworks/PhoneGap.framework/www \"$PROJECT_DIR\"\n\t\t\t\t\t\t\t\tfi\n\t\t\t\t\t\t\t\t# detect www folder reference in project, if missing, print warning\n\t\t\t\t\t\t\t\tgrep \"{isa = PBXFileReference; lastKnownFileType = folder; path = www; sourceTree = \\\"<group>\\\"; };\" \"$PROJECT_DIR/$PROJECT_NAME.xcodeproj/project.pbxproj\"\n\t\t\t\t\t\t\t\trc=$? \n\t\t\t\t\t\t\t\tif [ $rc != 0 ] ; then\n\t\t\t\t\t\t\t\techo -e \"warning: Missing - Add $PROJECT_DIR/www as a folder reference in your project. Just drag and drop the folder into your project, into the Project Navigator of Xcode 4. Make sure you select the second radio-button: 'Create folder references for any added folders' (which will create a blue folder)\" 1>&2\n\t\t\t\t\t\t\t\tfi\t\t\t\t\t\t\t";
		};
/* End PBXShellScriptBuildPhase section */

/* Begin PBXSourcesBuildPhase section */
		BF4510EA144FE2C80010C8A5 /* Sources */ = {
			isa = PBXSourcesBuildPhase;
			buildActionMask = 2147483647;
			files = (
				BF451116144FE2C80010C8A5 /* main.m in Sources */,
				BF451136144FE2C80010C8A5 /* AppDelegate.m in Sources */,
			);
			runOnlyForDeploymentPostprocessing = 0;
		};
		BF4510ED144FE2C80010C8A5 /* Sources */ = {
			isa = PBXSourcesBuildPhase;
			buildActionMask = 2147483647;
			files = (
			);
			runOnlyForDeploymentPostprocessing = 0;
		};
/* End PBXSourcesBuildPhase section */

/* Begin PBXVariantGroup section */
		BF451112144FE2C80010C8A5 /* InfoPlist.strings */ = {
			isa = PBXVariantGroup;
			children = (
				BF451113144FE2C80010C8A5 /* en */,
			);
			name = InfoPlist.strings;
			sourceTree = "<group>";
		};
		BF45111C144FE2C80010C8A5 /* Localizable.strings */ = {
			isa = PBXVariantGroup;
			children = (
				BF45111D144FE2C80010C8A5 /* en */,
			);
			name = Localizable.strings;
			sourceTree = "<group>";
		};
		BF451120144FE2C80010C8A5 /* Localizable.strings */ = {
			isa = PBXVariantGroup;
			children = (
				BF451121144FE2C80010C8A5 /* es */,
			);
			name = Localizable.strings;
			sourceTree = "<group>";
		};
/* End PBXVariantGroup section */

/* Begin XCBuildConfiguration section */
		BF451139144FE2C80010C8A5 /* Debug */ = {
			isa = XCBuildConfiguration;
			buildSettings = {
				ALWAYS_SEARCH_USER_PATHS = NO;
				ARCHS = "$(ARCHS_STANDARD_32_BIT)";
				CLANG_ENABLE_OBJC_ARC = YES;
				"CODE_SIGN_IDENTITY[sdk=iphoneos*]" = "iPhone Developer";
				COPY_PHASE_STRIP = NO;
				GCC_C_LANGUAGE_STANDARD = gnu99;
				GCC_DYNAMIC_NO_PIC = NO;
				GCC_OPTIMIZATION_LEVEL = 0;
				GCC_PREPROCESSOR_DEFINITIONS = (
					"DEBUG=1",
					"$(inherited)",
				);
				GCC_SYMBOLS_PRIVATE_EXTERN = NO;
				GCC_VERSION = com.apple.compilers.llvmgcc42;
				GCC_WARN_ABOUT_MISSING_PROTOTYPES = YES;
				GCC_WARN_ABOUT_RETURN_TYPE = YES;
				GCC_WARN_UNUSED_VARIABLE = YES;
				IPHONEOS_DEPLOYMENT_TARGET = 3.0;
				SDKROOT = iphoneos;
			};
			name = Debug;
		};
		BF45113A144FE2C80010C8A5 /* Release */ = {
			isa = XCBuildConfiguration;
			buildSettings = {
				ALWAYS_SEARCH_USER_PATHS = NO;
				ARCHS = "$(ARCHS_STANDARD_32_BIT)";
				CLANG_ENABLE_OBJC_ARC = YES;
				"CODE_SIGN_IDENTITY[sdk=iphoneos*]" = "iPhone Developer";
				COPY_PHASE_STRIP = YES;
				GCC_C_LANGUAGE_STANDARD = gnu99;
				GCC_VERSION = com.apple.compilers.llvmgcc42;
				GCC_WARN_ABOUT_MISSING_PROTOTYPES = YES;
				GCC_WARN_ABOUT_RETURN_TYPE = YES;
				GCC_WARN_UNUSED_VARIABLE = YES;
				IPHONEOS_DEPLOYMENT_TARGET = 3.0;
				SDKROOT = iphoneos;
				VALIDATE_PRODUCT = YES;
			};
			name = Release;
		};
		BF45113C144FE2C80010C8A5 /* Debug */ = {
			isa = XCBuildConfiguration;
			buildSettings = {
				ALWAYS_SEARCH_USER_PATHS = YES;
				COPY_PHASE_STRIP = NO;
				FRAMEWORK_SEARCH_PATHS = /Users/Shared/PhoneGap/Frameworks;
				GCC_DYNAMIC_NO_PIC = NO;
				GCC_PRECOMPILE_PREFIX_HEADER = YES;
				GCC_PREFIX_HEADER = "PhonegapTest/PhonegapTest-Prefix.pch";
				GCC_PREPROCESSOR_DEFINITIONS = "PHONEGAP_FRAMEWORK=YES";
				INFOPLIST_FILE = "PhonegapTest/PhonegapTest-Info.plist";
				OTHER_LDFLAGS = (
					"-weak_framework",
					UIKit,
					"-weak_framework",
					AVFoundation,
					"-weak_framework",
					CoreMedia,
					"-weak_library",
					/usr/lib/libSystem.B.dylib,
				);
				PRODUCT_NAME = "$(TARGET_NAME)";
				TARGETED_DEVICE_FAMILY = "1,2";
				WRAPPER_EXTENSION = app;
			};
			name = Debug;
		};
		BF45113D144FE2C80010C8A5 /* Release */ = {
			isa = XCBuildConfiguration;
			buildSettings = {
				ALWAYS_SEARCH_USER_PATHS = YES;
				COPY_PHASE_STRIP = YES;
				DEBUG_INFORMATION_FORMAT = "dwarf-with-dsym";
				FRAMEWORK_SEARCH_PATHS = /Users/Shared/PhoneGap/Frameworks;
				GCC_PRECOMPILE_PREFIX_HEADER = YES;
				GCC_PREFIX_HEADER = "PhonegapTest/PhonegapTest-Prefix.pch";
				GCC_PREPROCESSOR_DEFINITIONS = "PHONEGAP_FRAMEWORK=YES";
				INFOPLIST_FILE = "PhonegapTest/PhonegapTest-Info.plist";
				OTHER_LDFLAGS = (
					"-weak_framework",
					UIKit,
					"-weak_framework",
					AVFoundation,
					"-weak_framework",
					CoreMedia,
					"-weak_library",
					/usr/lib/libSystem.B.dylib,
				);
				PRODUCT_NAME = "$(TARGET_NAME)";
				TARGETED_DEVICE_FAMILY = "1,2";
				VALIDATE_PRODUCT = YES;
				WRAPPER_EXTENSION = app;
			};
			name = Release;
		};
/* End XCBuildConfiguration section */

/* Begin XCConfigurationList section */
		BF4510E8144FE2C80010C8A5 /* Build configuration list for PBXProject "PhonegapTest" */ = {
			isa = XCConfigurationList;
			buildConfigurations = (
				BF451139144FE2C80010C8A5 /* Debug */,
				BF45113A144FE2C80010C8A5 /* Release */,
			);
			defaultConfigurationIsVisible = 0;
			defaultConfigurationName = Release;
		};
		BF45113B144FE2C80010C8A5 /* Build configuration list for PBXNativeTarget "PhonegapTest" */ = {
			isa = XCConfigurationList;
			buildConfigurations = (
				BF45113C144FE2C80010C8A5 /* Debug */,
				BF45113D144FE2C80010C8A5 /* Release */,
			);
			defaultConfigurationIsVisible = 0;
			defaultConfigurationName = Release;
		};
/* End XCConfigurationList section */
	};
	rootObject = BF4510E5144FE2C80010C8A5 /* Project object */;
}
